# This file is autogenerated, do not edit; changes may be undone by the next 'dep ensure'.


[[projects]]
  branch = "master"
  name = "github.com/discordapp/lilliput"
  packages = ["."]
  revision = "c2b38847094c248c1dad51293c60bdbb9397a2a1"

[solve-meta]
  analyzer-name = "dep"
  analyzer-version = 1
  inputs-digest = "b9d19bab99666041fa7634ab89ff8ea87a871d7d7f2aa4b05294dbd02260f586"
  solver-name = "gps-cdcl"
  solver-version = 1
